
Microsoft Visual Studio Solution File, Format Version 12.00
# Visual Studio 15
VisualStudioVersion = 15.0.27130.2036
MinimumVisualStudioVersion = 10.0.40219.1
Project("{2150E333-8FDC-42A3-9474-1A3956D46DE8}") = "src", "src", "{462AFBD1-F8B2-475E-988F-13E968C4EA15}"
EndProject
Project("{2150E333-8FDC-42A3-9474-1A3956D46DE8}") = "samples", "samples", "{D89488AA-4409-4E15-9945-A918008FBA0A}"
EndProject
Project("{2150E333-8FDC-42A3-9474-1A3956D46DE8}") = "test", "test", "{D3955132-9211-478D-A295-983180F3894C}"
EndProject
Project("{9A19103F-16F7-4668-BE54-9A1E7A4F7556}") = "Shriek", "src\Shriek\Shriek.csproj", "{3A472EE4-71FA-4FFF-903A-8AE145CCFAD3}"
EndProject
Project("{9A19103F-16F7-4668-BE54-9A1E7A4F7556}") = "Shriek.EntityFrameworkCore", "src\Shriek.EntityFrameworkCore\Shriek.EntityFrameworkCore.csproj", "{6ABF879A-04C4-4701-84C7-5FCEC2986F30}"
EndProject
Project("{9A19103F-16F7-4668-BE54-9A1E7A4F7556}") = "Shriek.Test", "test\Shriek.Test\Shriek.Test.csproj", "{5895FBBA-5229-4CDE-A17B-4CE9A4F70A64}"
EndProject
Project("{9A19103F-16F7-4668-BE54-9A1E7A4F7556}") = "Shriek.Samples.InProcess", "samples\Shriek.Samples.InProcess\Shriek.Samples.InProcess.csproj", "{2A5692B8-9F85-41A4-87BE-715F9607A94B}"
EndProject
Project("{9A19103F-16F7-4668-BE54-9A1E7A4F7556}") = "Shriek.Samples", "samples\Shriek.Samples\Shriek.Samples.csproj", "{92E69FD4-B29F-45AB-A525-A2A1248926A9}"
EndProject
Project("{2150E333-8FDC-42A3-9474-1A3956D46DE8}") = "Solution Items", "Solution Items", "{2E6B77B2-A69B-4B57-B5CA-5E8AAF7564B2}"
	ProjectSection(SolutionItems) = preProject
		README.md = README.md
		build\version.props = build\version.props
	EndProjectSection
EndProject
Project("{9A19103F-16F7-4668-BE54-9A1E7A4F7556}") = "Shriek.EventStorage.EFCore", "src\Shriek.EventStorage.EFCore\Shriek.EventStorage.EFCore.csproj", "{60117DDA-35FA-49A5-8BCC-7A404B67D37D}"
EndProject
Project("{9A19103F-16F7-4668-BE54-9A1E7A4F7556}") = "Shriek.Samples.EventStorage.NoSql", "samples\Shriek.Samples.EventStorage.NoSql\Shriek.Samples.EventStorage.NoSql.csproj", "{77144B2E-EBDF-4AD5-8734-796FD1BD13B6}"
EndProject
Project("{9A19103F-16F7-4668-BE54-9A1E7A4F7556}") = "Shriek.EventStorage.LiteDB", "src\Shriek.EventStorage.LiteDB\Shriek.EventStorage.LiteDB.csproj", "{DF02BCA8-B3A8-4AB4-A0ED-D144404AADC7}"
EndProject
Project("{9A19103F-16F7-4668-BE54-9A1E7A4F7556}") = "Shriek.Samples.EventStorage.Mongo", "samples\Shriek.Samples.EventStorage.Mongo\Shriek.Samples.EventStorage.Mongo.csproj", "{13868D3C-B17F-4B0E-B824-7B958B259CAD}"
EndProject
Project("{9A19103F-16F7-4668-BE54-9A1E7A4F7556}") = "Shriek.MongoDB", "src\Shriek.MongoDB\Shriek.MongoDB.csproj", "{4E089D76-AB68-420E-A58B-D83BBFC52089}"
EndProject
Project("{9A19103F-16F7-4668-BE54-9A1E7A4F7556}") = "Shriek.EventStorage.MongoDB", "src\Shriek.EventStorage.MongoDB\Shriek.EventStorage.MongoDB.csproj", "{77DD8837-2D6B-4166-B0F6-2010AB7A07B3}"
EndProject
Project("{9A19103F-16F7-4668-BE54-9A1E7A4F7556}") = "Shriek.Samples.EventStorage.EFCore", "samples\Shriek.Samples.EventStorage.EFCore\Shriek.Samples.EventStorage.EFCore.csproj", "{6515E7E9-01C2-4641-BEC0-1509B7F30101}"
EndProject
Project("{9A19103F-16F7-4668-BE54-9A1E7A4F7556}") = "Shriek.Samples.WebApiProxy", "samples\Shriek.Samples.WebApiProxy\Shriek.Samples.WebApiProxy.csproj", "{84BF49D4-478A-4A6A-9922-4C9D9355FF03}"
EndProject
Project("{2150E333-8FDC-42A3-9474-1A3956D46DE8}") = "1 - fx", "1 - fx", "{5F35B0CE-D94D-4526-ABE2-D03927AAA1B1}"
EndProject
Project("{2150E333-8FDC-42A3-9474-1A3956D46DE8}") = "2 - service proxy", "2 - service proxy", "{F0BFC07A-EBF5-48D7-8F60-9AEA7B94847A}"
EndProject
Project("{9A19103F-16F7-4668-BE54-9A1E7A4F7556}") = "Shriek.ServiceProxy.Abstractions", "src\Shriek.ServiceProxy.Abstractions\Shriek.ServiceProxy.Abstractions.csproj", "{AB79D05A-249F-4103-B28A-89F1912FB060}"
EndProject
Project("{9A19103F-16F7-4668-BE54-9A1E7A4F7556}") = "Shriek.ServiceProxy.Http", "src\Shriek.ServiceProxy.Http\Shriek.ServiceProxy.Http.csproj", "{3A976908-6482-4A42-BB5A-9E7B063A6B96}"
EndProject
Project("{9A19103F-16F7-4668-BE54-9A1E7A4F7556}") = "Shriek.ServiceProxy.Http.Server", "src\Shriek.ServiceProxy.Http.Server\Shriek.ServiceProxy.Http.Server.csproj", "{8352D42D-4971-4331-BF1D-429924910D28}"
EndProject
Project("{9A19103F-16F7-4668-BE54-9A1E7A4F7556}") = "Shriek.EventStorage.InfluxDB", "src\Shriek.EventStorage.InfluxDB\Shriek.EventStorage.InfluxDB.csproj", "{362E5466-284E-432C-AD66-5DFCFC47BDB0}"
EndProject
Project("{9A19103F-16F7-4668-BE54-9A1E7A4F7556}") = "Shriek.Samples.EventStorage.InfluxDB", "samples\Shriek.Samples.EventStorage.InfluxDB\Shriek.Samples.EventStorage.InfluxDB.csproj", "{1B420E5F-1748-43A6-A15D-0A80E8C7F4D5}"
EndProject
Project("{9A19103F-16F7-4668-BE54-9A1E7A4F7556}") = "Shriek.Messages.RabbitMQ", "src\Shriek.EventBus.RabbitMQ\Shriek.Messages.RabbitMQ.csproj", "{3E0809E9-98E7-458E-A6CD-1F7A555E39D6}"
EndProject
Project("{9A19103F-16F7-4668-BE54-9A1E7A4F7556}") = "Shriek.Samples.RabbitMQ", "samples\Shriek.Samples.RabbitMQ\Shriek.Samples.RabbitMQ.csproj", "{ECF7DDB4-52A7-421F-A063-7F2252A3BE3C}"
EndProject
Project("{9A19103F-16F7-4668-BE54-9A1E7A4F7556}") = "Shriek.EventStorage.Redis", "src\Shriek.EventStorage.Redis\Shriek.EventStorage.Redis.csproj", "{F2298722-338B-4399-A769-76F05558C95A}"
EndProject
Project("{9A19103F-16F7-4668-BE54-9A1E7A4F7556}") = "Shriek.Samples.EventStorage.Redis", "samples\Shriek.Samples.EventStorage.Redis\Shriek.Samples.EventStorage.Redis.csproj", "{FE58D7FB-9FDA-4B22-990C-2B134320EC68}"
EndProject
Project("{9A19103F-16F7-4668-BE54-9A1E7A4F7556}") = "Shriek.EventStorage.Dapper", "src\Shriek.EventStorage.Dapper\Shriek.EventStorage.Dapper.csproj", "{6A84F582-882B-41E9-B57F-98582AFA8EF7}"
EndProject
Project("{9A19103F-16F7-4668-BE54-9A1E7A4F7556}") = "Shriek.Samples.Dapper", "samples\Shriek.Samples.Dapper\Shriek.Samples.Dapper.csproj", "{CB140925-FF8C-4444-9F69-52FD3F0C88E7}"
EndProject
Project("{9A19103F-16F7-4668-BE54-9A1E7A4F7556}") = "Shriek.ServiceProxy.Socket", "src\Shriek.ServiceProxy.Socket\Shriek.ServiceProxy.Socket.csproj", "{210FAE89-137D-4F32-AE7A-9C8DE3E8D904}"
EndProject
Project("{9A19103F-16F7-4668-BE54-9A1E7A4F7556}") = "Shriek.ServiceProxy.Socket.Server", "src\Shriek.ServiceProxy.Socket.Server\Shriek.ServiceProxy.Socket.Server.csproj", "{B56E33E0-8105-4B10-89BF-775F9C41486E}"
EndProject
Project("{9A19103F-16F7-4668-BE54-9A1E7A4F7556}") = "Shriek.Web.Api", "src\Shriek.Web.Api\Shriek.Web.Api.csproj", "{73A3FBCB-E804-4F22-B44F-143BFA32B6EE}"
EndProject
Project("{9A19103F-16F7-4668-BE54-9A1E7A4F7556}") = "Shriek.Extensions.Dapper", "src\Shriek.Extensions.Dapper\Shriek.Extensions.Dapper.csproj", "{8F1B03A9-AD55-4EE1-B2C0-B93017099B68}"
EndProject
Project("{9A19103F-16F7-4668-BE54-9A1E7A4F7556}") = "Shriek.ServiceProxy.DotNetty", "src\Shriek.ServiceProxy,DotNetty\Shriek.ServiceProxy.DotNetty.csproj", "{A38BE26C-63C5-43DB-9A45-0BB3A930E2BA}"
EndProject
Project("{9A19103F-16F7-4668-BE54-9A1E7A4F7556}") = "Shriek.NLog.Kafka", "src\Shriek.NLog.Kafka\Shriek.NLog.Kafka.csproj", "{236BB861-35E5-470E-BB14-E2A215027D70}"
EndProject
Global
	GlobalSection(SolutionConfigurationPlatforms) = preSolution
		Debug|Any CPU = Debug|Any CPU
		Release|Any CPU = Release|Any CPU
	EndGlobalSection
	GlobalSection(ProjectConfigurationPlatforms) = postSolution
		{3A472EE4-71FA-4FFF-903A-8AE145CCFAD3}.Debug|Any CPU.ActiveCfg = Debug|Any CPU
		{3A472EE4-71FA-4FFF-903A-8AE145CCFAD3}.Debug|Any CPU.Build.0 = Debug|Any CPU
		{3A472EE4-71FA-4FFF-903A-8AE145CCFAD3}.Release|Any CPU.ActiveCfg = Release|Any CPU
		{3A472EE4-71FA-4FFF-903A-8AE145CCFAD3}.Release|Any CPU.Build.0 = Release|Any CPU
		{6ABF879A-04C4-4701-84C7-5FCEC2986F30}.Debug|Any CPU.ActiveCfg = Debug|Any CPU
		{6ABF879A-04C4-4701-84C7-5FCEC2986F30}.Debug|Any CPU.Build.0 = Debug|Any CPU
		{6ABF879A-04C4-4701-84C7-5FCEC2986F30}.Release|Any CPU.ActiveCfg = Release|Any CPU
		{6ABF879A-04C4-4701-84C7-5FCEC2986F30}.Release|Any CPU.Build.0 = Release|Any CPU
		{5895FBBA-5229-4CDE-A17B-4CE9A4F70A64}.Debug|Any CPU.ActiveCfg = Debug|Any CPU
		{5895FBBA-5229-4CDE-A17B-4CE9A4F70A64}.Debug|Any CPU.Build.0 = Debug|Any CPU
		{5895FBBA-5229-4CDE-A17B-4CE9A4F70A64}.Release|Any CPU.ActiveCfg = Release|Any CPU
		{5895FBBA-5229-4CDE-A17B-4CE9A4F70A64}.Release|Any CPU.Build.0 = Release|Any CPU
		{2A5692B8-9F85-41A4-87BE-715F9607A94B}.Debug|Any CPU.ActiveCfg = Debug|Any CPU
		{2A5692B8-9F85-41A4-87BE-715F9607A94B}.Debug|Any CPU.Build.0 = Debug|Any CPU
		{2A5692B8-9F85-41A4-87BE-715F9607A94B}.Release|Any CPU.ActiveCfg = Release|Any CPU
		{2A5692B8-9F85-41A4-87BE-715F9607A94B}.Release|Any CPU.Build.0 = Release|Any CPU
		{92E69FD4-B29F-45AB-A525-A2A1248926A9}.Debug|Any CPU.ActiveCfg = Debug|Any CPU
		{92E69FD4-B29F-45AB-A525-A2A1248926A9}.Debug|Any CPU.Build.0 = Debug|Any CPU
		{92E69FD4-B29F-45AB-A525-A2A1248926A9}.Release|Any CPU.ActiveCfg = Release|Any CPU
		{92E69FD4-B29F-45AB-A525-A2A1248926A9}.Release|Any CPU.Build.0 = Release|Any CPU
		{60117DDA-35FA-49A5-8BCC-7A404B67D37D}.Debug|Any CPU.ActiveCfg = Debug|Any CPU
		{60117DDA-35FA-49A5-8BCC-7A404B67D37D}.Debug|Any CPU.Build.0 = Debug|Any CPU
		{60117DDA-35FA-49A5-8BCC-7A404B67D37D}.Release|Any CPU.ActiveCfg = Release|Any CPU
		{60117DDA-35FA-49A5-8BCC-7A404B67D37D}.Release|Any CPU.Build.0 = Release|Any CPU
		{77144B2E-EBDF-4AD5-8734-796FD1BD13B6}.Debug|Any CPU.ActiveCfg = Debug|Any CPU
		{77144B2E-EBDF-4AD5-8734-796FD1BD13B6}.Debug|Any CPU.Build.0 = Debug|Any CPU
		{77144B2E-EBDF-4AD5-8734-796FD1BD13B6}.Release|Any CPU.ActiveCfg = Release|Any CPU
		{77144B2E-EBDF-4AD5-8734-796FD1BD13B6}.Release|Any CPU.Build.0 = Release|Any CPU
		{DF02BCA8-B3A8-4AB4-A0ED-D144404AADC7}.Debug|Any CPU.ActiveCfg = Debug|Any CPU
		{DF02BCA8-B3A8-4AB4-A0ED-D144404AADC7}.Debug|Any CPU.Build.0 = Debug|Any CPU
		{DF02BCA8-B3A8-4AB4-A0ED-D144404AADC7}.Release|Any CPU.ActiveCfg = Release|Any CPU
		{DF02BCA8-B3A8-4AB4-A0ED-D144404AADC7}.Release|Any CPU.Build.0 = Release|Any CPU
		{13868D3C-B17F-4B0E-B824-7B958B259CAD}.Debug|Any CPU.ActiveCfg = Debug|Any CPU
		{13868D3C-B17F-4B0E-B824-7B958B259CAD}.Debug|Any CPU.Build.0 = Debug|Any CPU
		{13868D3C-B17F-4B0E-B824-7B958B259CAD}.Release|Any CPU.ActiveCfg = Release|Any CPU
		{13868D3C-B17F-4B0E-B824-7B958B259CAD}.Release|Any CPU.Build.0 = Release|Any CPU
		{4E089D76-AB68-420E-A58B-D83BBFC52089}.Debug|Any CPU.ActiveCfg = Debug|Any CPU
		{4E089D76-AB68-420E-A58B-D83BBFC52089}.Debug|Any CPU.Build.0 = Debug|Any CPU
		{4E089D76-AB68-420E-A58B-D83BBFC52089}.Release|Any CPU.ActiveCfg = Release|Any CPU
		{4E089D76-AB68-420E-A58B-D83BBFC52089}.Release|Any CPU.Build.0 = Release|Any CPU
		{77DD8837-2D6B-4166-B0F6-2010AB7A07B3}.Debug|Any CPU.ActiveCfg = Debug|Any CPU
		{77DD8837-2D6B-4166-B0F6-2010AB7A07B3}.Debug|Any CPU.Build.0 = Debug|Any CPU
		{77DD8837-2D6B-4166-B0F6-2010AB7A07B3}.Release|Any CPU.ActiveCfg = Release|Any CPU
		{77DD8837-2D6B-4166-B0F6-2010AB7A07B3}.Release|Any CPU.Build.0 = Release|Any CPU
		{6515E7E9-01C2-4641-BEC0-1509B7F30101}.Debug|Any CPU.ActiveCfg = Debug|Any CPU
		{6515E7E9-01C2-4641-BEC0-1509B7F30101}.Debug|Any CPU.Build.0 = Debug|Any CPU
		{6515E7E9-01C2-4641-BEC0-1509B7F30101}.Release|Any CPU.ActiveCfg = Release|Any CPU
		{6515E7E9-01C2-4641-BEC0-1509B7F30101}.Release|Any CPU.Build.0 = Release|Any CPU
		{84BF49D4-478A-4A6A-9922-4C9D9355FF03}.Debug|Any CPU.ActiveCfg = Debug|Any CPU
		{84BF49D4-478A-4A6A-9922-4C9D9355FF03}.Debug|Any CPU.Build.0 = Debug|Any CPU
		{84BF49D4-478A-4A6A-9922-4C9D9355FF03}.Release|Any CPU.ActiveCfg = Release|Any CPU
		{84BF49D4-478A-4A6A-9922-4C9D9355FF03}.Release|Any CPU.Build.0 = Release|Any CPU
		{AB79D05A-249F-4103-B28A-89F1912FB060}.Debug|Any CPU.ActiveCfg = Debug|Any CPU
		{AB79D05A-249F-4103-B28A-89F1912FB060}.Debug|Any CPU.Build.0 = Debug|Any CPU
		{AB79D05A-249F-4103-B28A-89F1912FB060}.Release|Any CPU.ActiveCfg = Release|Any CPU
		{AB79D05A-249F-4103-B28A-89F1912FB060}.Release|Any CPU.Build.0 = Release|Any CPU
		{3A976908-6482-4A42-BB5A-9E7B063A6B96}.Debug|Any CPU.ActiveCfg = Debug|Any CPU
		{3A976908-6482-4A42-BB5A-9E7B063A6B96}.Debug|Any CPU.Build.0 = Debug|Any CPU
		{3A976908-6482-4A42-BB5A-9E7B063A6B96}.Release|Any CPU.ActiveCfg = Release|Any CPU
		{3A976908-6482-4A42-BB5A-9E7B063A6B96}.Release|Any CPU.Build.0 = Release|Any CPU
		{8352D42D-4971-4331-BF1D-429924910D28}.Debug|Any CPU.ActiveCfg = Debug|Any CPU
		{8352D42D-4971-4331-BF1D-429924910D28}.Debug|Any CPU.Build.0 = Debug|Any CPU
		{8352D42D-4971-4331-BF1D-429924910D28}.Release|Any CPU.ActiveCfg = Release|Any CPU
		{8352D42D-4971-4331-BF1D-429924910D28}.Release|Any CPU.Build.0 = Release|Any CPU
		{362E5466-284E-432C-AD66-5DFCFC47BDB0}.Debug|Any CPU.ActiveCfg = Debug|Any CPU
		{362E5466-284E-432C-AD66-5DFCFC47BDB0}.Debug|Any CPU.Build.0 = Debug|Any CPU
		{362E5466-284E-432C-AD66-5DFCFC47BDB0}.Release|Any CPU.ActiveCfg = Release|Any CPU
		{362E5466-284E-432C-AD66-5DFCFC47BDB0}.Release|Any CPU.Build.0 = Release|Any CPU
		{1B420E5F-1748-43A6-A15D-0A80E8C7F4D5}.Debug|Any CPU.ActiveCfg = Debug|Any CPU
		{1B420E5F-1748-43A6-A15D-0A80E8C7F4D5}.Debug|Any CPU.Build.0 = Debug|Any CPU
		{1B420E5F-1748-43A6-A15D-0A80E8C7F4D5}.Release|Any CPU.ActiveCfg = Release|Any CPU
		{1B420E5F-1748-43A6-A15D-0A80E8C7F4D5}.Release|Any CPU.Build.0 = Release|Any CPU
		{3E0809E9-98E7-458E-A6CD-1F7A555E39D6}.Debug|Any CPU.ActiveCfg = Debug|Any CPU
		{3E0809E9-98E7-458E-A6CD-1F7A555E39D6}.Debug|Any CPU.Build.0 = Debug|Any CPU
		{3E0809E9-98E7-458E-A6CD-1F7A555E39D6}.Release|Any CPU.ActiveCfg = Release|Any CPU
		{3E0809E9-98E7-458E-A6CD-1F7A555E39D6}.Release|Any CPU.Build.0 = Release|Any CPU
		{ECF7DDB4-52A7-421F-A063-7F2252A3BE3C}.Debug|Any CPU.ActiveCfg = Debug|Any CPU
		{ECF7DDB4-52A7-421F-A063-7F2252A3BE3C}.Debug|Any CPU.Build.0 = Debug|Any CPU
		{ECF7DDB4-52A7-421F-A063-7F2252A3BE3C}.Release|Any CPU.ActiveCfg = Release|Any CPU
		{ECF7DDB4-52A7-421F-A063-7F2252A3BE3C}.Release|Any CPU.Build.0 = Release|Any CPU
		{F2298722-338B-4399-A769-76F05558C95A}.Debug|Any CPU.ActiveCfg = Debug|Any CPU
		{F2298722-338B-4399-A769-76F05558C95A}.Debug|Any CPU.Build.0 = Debug|Any CPU
		{F2298722-338B-4399-A769-76F05558C95A}.Release|Any CPU.ActiveCfg = Release|Any CPU
		{F2298722-338B-4399-A769-76F05558C95A}.Release|Any CPU.Build.0 = Release|Any CPU
		{FE58D7FB-9FDA-4B22-990C-2B134320EC68}.Debug|Any CPU.ActiveCfg = Debug|Any CPU
		{FE58D7FB-9FDA-4B22-990C-2B134320EC68}.Debug|Any CPU.Build.0 = Debug|Any CPU
		{FE58D7FB-9FDA-4B22-990C-2B134320EC68}.Release|Any CPU.ActiveCfg = Release|Any CPU
		{FE58D7FB-9FDA-4B22-990C-2B134320EC68}.Release|Any CPU.Build.0 = Release|Any CPU
		{6A84F582-882B-41E9-B57F-98582AFA8EF7}.Debug|Any CPU.ActiveCfg = Debug|Any CPU
		{6A84F582-882B-41E9-B57F-98582AFA8EF7}.Debug|Any CPU.Build.0 = Debug|Any CPU
		{6A84F582-882B-41E9-B57F-98582AFA8EF7}.Release|Any CPU.ActiveCfg = Release|Any CPU
		{6A84F582-882B-41E9-B57F-98582AFA8EF7}.Release|Any CPU.Build.0 = Release|Any CPU
		{CB140925-FF8C-4444-9F69-52FD3F0C88E7}.Debug|Any CPU.ActiveCfg = Debug|Any CPU
		{CB140925-FF8C-4444-9F69-52FD3F0C88E7}.Debug|Any CPU.Build.0 = Debug|Any CPU
		{CB140925-FF8C-4444-9F69-52FD3F0C88E7}.Release|Any CPU.ActiveCfg = Release|Any CPU
		{CB140925-FF8C-4444-9F69-52FD3F0C88E7}.Release|Any CPU.Build.0 = Release|Any CPU
		{210FAE89-137D-4F32-AE7A-9C8DE3E8D904}.Debug|Any CPU.ActiveCfg = Debug|Any CPU
		{210FAE89-137D-4F32-AE7A-9C8DE3E8D904}.Debug|Any CPU.Build.0 = Debug|Any CPU
		{210FAE89-137D-4F32-AE7A-9C8DE3E8D904}.Release|Any CPU.ActiveCfg = Release|Any CPU
		{210FAE89-137D-4F32-AE7A-9C8DE3E8D904}.Release|Any CPU.Build.0 = Release|Any CPU
		{B56E33E0-8105-4B10-89BF-775F9C41486E}.Debug|Any CPU.ActiveCfg = Debug|Any CPU
		{B56E33E0-8105-4B10-89BF-775F9C41486E}.Debug|Any CPU.Build.0 = Debug|Any CPU
		{B56E33E0-8105-4B10-89BF-775F9C41486E}.Release|Any CPU.ActiveCfg = Release|Any CPU
		{B56E33E0-8105-4B10-89BF-775F9C41486E}.Release|Any CPU.Build.0 = Release|Any CPU
		{73A3FBCB-E804-4F22-B44F-143BFA32B6EE}.Debug|Any CPU.ActiveCfg = Debug|Any CPU
		{73A3FBCB-E804-4F22-B44F-143BFA32B6EE}.Debug|Any CPU.Build.0 = Debug|Any CPU
		{73A3FBCB-E804-4F22-B44F-143BFA32B6EE}.Release|Any CPU.ActiveCfg = Release|Any CPU
		{73A3FBCB-E804-4F22-B44F-143BFA32B6EE}.Release|Any CPU.Build.0 = Release|Any CPU
		{8F1B03A9-AD55-4EE1-B2C0-B93017099B68}.Debug|Any CPU.ActiveCfg = Debug|Any CPU
		{8F1B03A9-AD55-4EE1-B2C0-B93017099B68}.Debug|Any CPU.Build.0 = Debug|Any CPU
		{8F1B03A9-AD55-4EE1-B2C0-B93017099B68}.Release|Any CPU.ActiveCfg = Release|Any CPU
		{8F1B03A9-AD55-4EE1-B2C0-B93017099B68}.Release|Any CPU.Build.0 = Release|Any CPU
		{A38BE26C-63C5-43DB-9A45-0BB3A930E2BA}.Debug|Any CPU.ActiveCfg = Debug|Any CPU
		{A38BE26C-63C5-43DB-9A45-0BB3A930E2BA}.Debug|Any CPU.Build.0 = Debug|Any CPU
		{A38BE26C-63C5-43DB-9A45-0BB3A930E2BA}.Release|Any CPU.ActiveCfg = Release|Any CPU
		{A38BE26C-63C5-43DB-9A45-0BB3A930E2BA}.Release|Any CPU.Build.0 = Release|Any CPU
		{236BB861-35E5-470E-BB14-E2A215027D70}.Debug|Any CPU.ActiveCfg = Debug|Any CPU
		{236BB861-35E5-470E-BB14-E2A215027D70}.Debug|Any CPU.Build.0 = Debug|Any CPU
		{236BB861-35E5-470E-BB14-E2A215027D70}.Release|Any CPU.ActiveCfg = Release|Any CPU
		{236BB861-35E5-470E-BB14-E2A215027D70}.Release|Any CPU.Build.0 = Release|Any CPU
	EndGlobalSection
	GlobalSection(SolutionProperties) = preSolution
		HideSolutionNode = FALSE
	EndGlobalSection
	GlobalSection(NestedProjects) = preSolution
		{3A472EE4-71FA-4FFF-903A-8AE145CCFAD3} = {5F35B0CE-D94D-4526-ABE2-D03927AAA1B1}
		{6ABF879A-04C4-4701-84C7-5FCEC2986F30} = {5F35B0CE-D94D-4526-ABE2-D03927AAA1B1}
		{5895FBBA-5229-4CDE-A17B-4CE9A4F70A64} = {D3955132-9211-478D-A295-983180F3894C}
		{2A5692B8-9F85-41A4-87BE-715F9607A94B} = {D89488AA-4409-4E15-9945-A918008FBA0A}
		{92E69FD4-B29F-45AB-A525-A2A1248926A9} = {D89488AA-4409-4E15-9945-A918008FBA0A}
		{60117DDA-35FA-49A5-8BCC-7A404B67D37D} = {5F35B0CE-D94D-4526-ABE2-D03927AAA1B1}
		{77144B2E-EBDF-4AD5-8734-796FD1BD13B6} = {D89488AA-4409-4E15-9945-A918008FBA0A}
		{DF02BCA8-B3A8-4AB4-A0ED-D144404AADC7} = {5F35B0CE-D94D-4526-ABE2-D03927AAA1B1}
		{13868D3C-B17F-4B0E-B824-7B958B259CAD} = {D89488AA-4409-4E15-9945-A918008FBA0A}
		{4E089D76-AB68-420E-A58B-D83BBFC52089} = {5F35B0CE-D94D-4526-ABE2-D03927AAA1B1}
		{77DD8837-2D6B-4166-B0F6-2010AB7A07B3} = {5F35B0CE-D94D-4526-ABE2-D03927AAA1B1}
		{6515E7E9-01C2-4641-BEC0-1509B7F30101} = {D89488AA-4409-4E15-9945-A918008FBA0A}
		{84BF49D4-478A-4A6A-9922-4C9D9355FF03} = {D89488AA-4409-4E15-9945-A918008FBA0A}
		{5F35B0CE-D94D-4526-ABE2-D03927AAA1B1} = {462AFBD1-F8B2-475E-988F-13E968C4EA15}
		{F0BFC07A-EBF5-48D7-8F60-9AEA7B94847A} = {462AFBD1-F8B2-475E-988F-13E968C4EA15}
		{AB79D05A-249F-4103-B28A-89F1912FB060} = {F0BFC07A-EBF5-48D7-8F60-9AEA7B94847A}
		{3A976908-6482-4A42-BB5A-9E7B063A6B96} = {F0BFC07A-EBF5-48D7-8F60-9AEA7B94847A}
		{8352D42D-4971-4331-BF1D-429924910D28} = {F0BFC07A-EBF5-48D7-8F60-9AEA7B94847A}
		{362E5466-284E-432C-AD66-5DFCFC47BDB0} = {5F35B0CE-D94D-4526-ABE2-D03927AAA1B1}
		{1B420E5F-1748-43A6-A15D-0A80E8C7F4D5} = {D89488AA-4409-4E15-9945-A918008FBA0A}
		{3E0809E9-98E7-458E-A6CD-1F7A555E39D6} = {5F35B0CE-D94D-4526-ABE2-D03927AAA1B1}
		{ECF7DDB4-52A7-421F-A063-7F2252A3BE3C} = {D89488AA-4409-4E15-9945-A918008FBA0A}
		{F2298722-338B-4399-A769-76F05558C95A} = {5F35B0CE-D94D-4526-ABE2-D03927AAA1B1}
		{FE58D7FB-9FDA-4B22-990C-2B134320EC68} = {D89488AA-4409-4E15-9945-A918008FBA0A}
		{6A84F582-882B-41E9-B57F-98582AFA8EF7} = {5F35B0CE-D94D-4526-ABE2-D03927AAA1B1}
		{CB140925-FF8C-4444-9F69-52FD3F0C88E7} = {D89488AA-4409-4E15-9945-A918008FBA0A}
		{210FAE89-137D-4F32-AE7A-9C8DE3E8D904} = {F0BFC07A-EBF5-48D7-8F60-9AEA7B94847A}
		{B56E33E0-8105-4B10-89BF-775F9C41486E} = {F0BFC07A-EBF5-48D7-8F60-9AEA7B94847A}
		{73A3FBCB-E804-4F22-B44F-143BFA32B6EE} = {5F35B0CE-D94D-4526-ABE2-D03927AAA1B1}
		{8F1B03A9-AD55-4EE1-B2C0-B93017099B68} = {5F35B0CE-D94D-4526-ABE2-D03927AAA1B1}
		{A38BE26C-63C5-43DB-9A45-0BB3A930E2BA} = {F0BFC07A-EBF5-48D7-8F60-9AEA7B94847A}
		{236BB861-35E5-470E-BB14-E2A215027D70} = {5F35B0CE-D94D-4526-ABE2-D03927AAA1B1}
	EndGlobalSection
	GlobalSection(ExtensibilityGlobals) = postSolution
		SolutionGuid = {9B7121CB-4CDF-4D0B-82C7-736ABF500F14}
	EndGlobalSection
EndGlobal
