
Microsoft Visual Studio Solution File, Format Version 12.00
# Visual Studio 15
VisualStudioVersion = 15.0.26730.8
MinimumVisualStudioVersion = 10.0.40219.1
Project("{2150E333-8FDC-42A3-9474-1A3956D46DE8}") = "src", "src", "{462AFBD1-F8B2-475E-988F-13E968C4EA15}"
EndProject
Project("{2150E333-8FDC-42A3-9474-1A3956D46DE8}") = "samples", "samples", "{D89488AA-4409-4E15-9945-A918008FBA0A}"
EndProject
Project("{2150E333-8FDC-42A3-9474-1A3956D46DE8}") = "test", "test", "{D3955132-9211-478D-A295-983180F3894C}"
EndProject
Project("{9A19103F-16F7-4668-BE54-9A1E7A4F7556}") = "Shriek", "src\Shriek\Shriek.csproj", "{3A472EE4-71FA-4FFF-903A-8AE145CCFAD3}"
EndProject
Project("{9A19103F-16F7-4668-BE54-9A1E7A4F7556}") = "Shriek.EntityFrameworkCore", "src\Shriek.EntityFrameworkCore\Shriek.EntityFrameworkCore.csproj", "{6ABF879A-04C4-4701-84C7-5FCEC2986F30}"
EndProject
Project("{9A19103F-16F7-4668-BE54-9A1E7A4F7556}") = "Shriek.EventStorage.EF", "src\Shriek.EventStorage.EF\Shriek.EventStorage.EF.csproj", "{157CF3F6-25BC-4D60-B76F-38CB7BAD480F}"
EndProject
Project("{9A19103F-16F7-4668-BE54-9A1E7A4F7556}") = "Shriek.Test", "test\Shriek.Test\Shriek.Test.csproj", "{5895FBBA-5229-4CDE-A17B-4CE9A4F70A64}"
EndProject
Project("{9A19103F-16F7-4668-BE54-9A1E7A4F7556}") = "Shriek.Samples.InProcess", "samples\Shriek.Samples.InProcess\Shriek.Samples.InProcess.csproj", "{2A5692B8-9F85-41A4-87BE-715F9607A94B}"
EndProject
Project("{9A19103F-16F7-4668-BE54-9A1E7A4F7556}") = "Shriek.Samples", "samples\Shriek.Samples\Shriek.Samples.csproj", "{92E69FD4-B29F-45AB-A525-A2A1248926A9}"
EndProject
Project("{2150E333-8FDC-42A3-9474-1A3956D46DE8}") = "Solution Items", "Solution Items", "{2E6B77B2-A69B-4B57-B5CA-5E8AAF7564B2}"
	ProjectSection(SolutionItems) = preProject
		README.md = README.md
	EndProjectSection
EndProject
Global
	GlobalSection(SolutionConfigurationPlatforms) = preSolution
		Debug|Any CPU = Debug|Any CPU
		Release|Any CPU = Release|Any CPU
	EndGlobalSection
	GlobalSection(ProjectConfigurationPlatforms) = postSolution
		{3A472EE4-71FA-4FFF-903A-8AE145CCFAD3}.Debug|Any CPU.ActiveCfg = Debug|Any CPU
		{3A472EE4-71FA-4FFF-903A-8AE145CCFAD3}.Debug|Any CPU.Build.0 = Debug|Any CPU
		{3A472EE4-71FA-4FFF-903A-8AE145CCFAD3}.Release|Any CPU.ActiveCfg = Release|Any CPU
		{3A472EE4-71FA-4FFF-903A-8AE145CCFAD3}.Release|Any CPU.Build.0 = Release|Any CPU
		{6ABF879A-04C4-4701-84C7-5FCEC2986F30}.Debug|Any CPU.ActiveCfg = Debug|Any CPU
		{6ABF879A-04C4-4701-84C7-5FCEC2986F30}.Debug|Any CPU.Build.0 = Debug|Any CPU
		{6ABF879A-04C4-4701-84C7-5FCEC2986F30}.Release|Any CPU.ActiveCfg = Release|Any CPU
		{6ABF879A-04C4-4701-84C7-5FCEC2986F30}.Release|Any CPU.Build.0 = Release|Any CPU
		{157CF3F6-25BC-4D60-B76F-38CB7BAD480F}.Debug|Any CPU.ActiveCfg = Debug|Any CPU
		{157CF3F6-25BC-4D60-B76F-38CB7BAD480F}.Debug|Any CPU.Build.0 = Debug|Any CPU
		{157CF3F6-25BC-4D60-B76F-38CB7BAD480F}.Release|Any CPU.ActiveCfg = Release|Any CPU
		{157CF3F6-25BC-4D60-B76F-38CB7BAD480F}.Release|Any CPU.Build.0 = Release|Any CPU
		{5895FBBA-5229-4CDE-A17B-4CE9A4F70A64}.Debug|Any CPU.ActiveCfg = Debug|Any CPU
		{5895FBBA-5229-4CDE-A17B-4CE9A4F70A64}.Debug|Any CPU.Build.0 = Debug|Any CPU
		{5895FBBA-5229-4CDE-A17B-4CE9A4F70A64}.Release|Any CPU.ActiveCfg = Release|Any CPU
		{5895FBBA-5229-4CDE-A17B-4CE9A4F70A64}.Release|Any CPU.Build.0 = Release|Any CPU
		{2A5692B8-9F85-41A4-87BE-715F9607A94B}.Debug|Any CPU.ActiveCfg = Debug|Any CPU
		{2A5692B8-9F85-41A4-87BE-715F9607A94B}.Debug|Any CPU.Build.0 = Debug|Any CPU
		{2A5692B8-9F85-41A4-87BE-715F9607A94B}.Release|Any CPU.ActiveCfg = Release|Any CPU
		{2A5692B8-9F85-41A4-87BE-715F9607A94B}.Release|Any CPU.Build.0 = Release|Any CPU
		{92E69FD4-B29F-45AB-A525-A2A1248926A9}.Debug|Any CPU.ActiveCfg = Debug|Any CPU
		{92E69FD4-B29F-45AB-A525-A2A1248926A9}.Debug|Any CPU.Build.0 = Debug|Any CPU
		{92E69FD4-B29F-45AB-A525-A2A1248926A9}.Release|Any CPU.ActiveCfg = Release|Any CPU
		{92E69FD4-B29F-45AB-A525-A2A1248926A9}.Release|Any CPU.Build.0 = Release|Any CPU
	EndGlobalSection
	GlobalSection(SolutionProperties) = preSolution
		HideSolutionNode = FALSE
	EndGlobalSection
	GlobalSection(NestedProjects) = preSolution
		{3A472EE4-71FA-4FFF-903A-8AE145CCFAD3} = {462AFBD1-F8B2-475E-988F-13E968C4EA15}
		{6ABF879A-04C4-4701-84C7-5FCEC2986F30} = {462AFBD1-F8B2-475E-988F-13E968C4EA15}
		{157CF3F6-25BC-4D60-B76F-38CB7BAD480F} = {462AFBD1-F8B2-475E-988F-13E968C4EA15}
		{5895FBBA-5229-4CDE-A17B-4CE9A4F70A64} = {D3955132-9211-478D-A295-983180F3894C}
		{2A5692B8-9F85-41A4-87BE-715F9607A94B} = {D89488AA-4409-4E15-9945-A918008FBA0A}
		{92E69FD4-B29F-45AB-A525-A2A1248926A9} = {D89488AA-4409-4E15-9945-A918008FBA0A}
	EndGlobalSection
	GlobalSection(ExtensibilityGlobals) = postSolution
		SolutionGuid = {9B7121CB-4CDF-4D0B-82C7-736ABF500F14}
	EndGlobalSection
EndGlobal
