
Microsoft Visual Studio Solution File, Format Version 12.00
# Visual Studio 15
VisualStudioVersion = 15.0.26730.10
MinimumVisualStudioVersion = 10.0.40219.1
Project("{2150E333-8FDC-42A3-9474-1A3956D46DE8}") = "src", "src", "{462AFBD1-F8B2-475E-988F-13E968C4EA15}"
EndProject
Project("{2150E333-8FDC-42A3-9474-1A3956D46DE8}") = "samples", "samples", "{D89488AA-4409-4E15-9945-A918008FBA0A}"
EndProject
Project("{2150E333-8FDC-42A3-9474-1A3956D46DE8}") = "test", "test", "{D3955132-9211-478D-A295-983180F3894C}"
EndProject
Project("{9A19103F-16F7-4668-BE54-9A1E7A4F7556}") = "Shriek", "src\Shriek\Shriek.csproj", "{3A472EE4-71FA-4FFF-903A-8AE145CCFAD3}"
EndProject
Project("{9A19103F-16F7-4668-BE54-9A1E7A4F7556}") = "Shriek.EntityFrameworkCore", "src\Shriek.EntityFrameworkCore\Shriek.EntityFrameworkCore.csproj", "{6ABF879A-04C4-4701-84C7-5FCEC2986F30}"
EndProject
Project("{9A19103F-16F7-4668-BE54-9A1E7A4F7556}") = "Shriek.Test", "test\Shriek.Test\Shriek.Test.csproj", "{5895FBBA-5229-4CDE-A17B-4CE9A4F70A64}"
EndProject
Project("{9A19103F-16F7-4668-BE54-9A1E7A4F7556}") = "Shriek.Samples.InProcess", "samples\Shriek.Samples.InProcess\Shriek.Samples.InProcess.csproj", "{2A5692B8-9F85-41A4-87BE-715F9607A94B}"
EndProject
Project("{9A19103F-16F7-4668-BE54-9A1E7A4F7556}") = "Shriek.Samples", "samples\Shriek.Samples\Shriek.Samples.csproj", "{92E69FD4-B29F-45AB-A525-A2A1248926A9}"
EndProject
Project("{2150E333-8FDC-42A3-9474-1A3956D46DE8}") = "Solution Items", "Solution Items", "{2E6B77B2-A69B-4B57-B5CA-5E8AAF7564B2}"
	ProjectSection(SolutionItems) = preProject
		README.md = README.md
	EndProjectSection
EndProject
Project("{9A19103F-16F7-4668-BE54-9A1E7A4F7556}") = "Shriek.EventStorage.EFCore", "src\Shriek.EventStorage.EFCore\Shriek.EventStorage.EFCore.csproj", "{60117DDA-35FA-49A5-8BCC-7A404B67D37D}"
EndProject
Project("{9A19103F-16F7-4668-BE54-9A1E7A4F7556}") = "Shriek.Samples.EventStorage.EFCore", "samples\Shriek.Sample.EventStorage.EFCore\Shriek.Samples.EventStorage.EFCore.csproj", "{A00F88AB-51EB-4FF4-A926-A4A56B5653F8}"
EndProject
Project("{9A19103F-16F7-4668-BE54-9A1E7A4F7556}") = "Shriek.Samples.CQRS.EFCore", "samples\Shriek.Sample.CQRS.EFCore\Shriek.Samples.CQRS.EFCore.csproj", "{9484D871-092F-40F9-A4B0-B004F4788719}"
EndProject
Project("{9A19103F-16F7-4668-BE54-9A1E7A4F7556}") = "Shriek.Samples.EventStorage.NoSql", "samples\Shriek.Samples.EventStorage.NoSql\Shriek.Samples.EventStorage.NoSql.csproj", "{77144B2E-EBDF-4AD5-8734-796FD1BD13B6}"
EndProject
Project("{9A19103F-16F7-4668-BE54-9A1E7A4F7556}") = "Shriek.EventStorage.LiteDB", "src\Shriek.EventStorage.LiteDB\Shriek.EventStorage.LiteDB.csproj", "{DF02BCA8-B3A8-4AB4-A0ED-D144404AADC7}"
EndProject
Project("{9A19103F-16F7-4668-BE54-9A1E7A4F7556}") = "Shriek.EventStorage.MongoDB", "src\Shriek.EventStorage.CosmosDB\Shriek.EventStorage.MongoDB.csproj", "{991134E2-72AC-4C47-8373-D171506075A4}"
EndProject
Project("{9A19103F-16F7-4668-BE54-9A1E7A4F7556}") = "Shriek.Samples.EventStorage.Mongo", "samples\Shriek.Samples.EventStorage.Mongo\Shriek.Samples.EventStorage.Mongo.csproj", "{13868D3C-B17F-4B0E-B824-7B958B259CAD}"
EndProject
Global
	GlobalSection(SolutionConfigurationPlatforms) = preSolution
		Debug|Any CPU = Debug|Any CPU
		Release|Any CPU = Release|Any CPU
	EndGlobalSection
	GlobalSection(ProjectConfigurationPlatforms) = postSolution
		{3A472EE4-71FA-4FFF-903A-8AE145CCFAD3}.Debug|Any CPU.ActiveCfg = Debug|Any CPU
		{3A472EE4-71FA-4FFF-903A-8AE145CCFAD3}.Debug|Any CPU.Build.0 = Debug|Any CPU
		{3A472EE4-71FA-4FFF-903A-8AE145CCFAD3}.Release|Any CPU.ActiveCfg = Release|Any CPU
		{3A472EE4-71FA-4FFF-903A-8AE145CCFAD3}.Release|Any CPU.Build.0 = Release|Any CPU
		{6ABF879A-04C4-4701-84C7-5FCEC2986F30}.Debug|Any CPU.ActiveCfg = Debug|Any CPU
		{6ABF879A-04C4-4701-84C7-5FCEC2986F30}.Debug|Any CPU.Build.0 = Debug|Any CPU
		{6ABF879A-04C4-4701-84C7-5FCEC2986F30}.Release|Any CPU.ActiveCfg = Release|Any CPU
		{6ABF879A-04C4-4701-84C7-5FCEC2986F30}.Release|Any CPU.Build.0 = Release|Any CPU
		{5895FBBA-5229-4CDE-A17B-4CE9A4F70A64}.Debug|Any CPU.ActiveCfg = Debug|Any CPU
		{5895FBBA-5229-4CDE-A17B-4CE9A4F70A64}.Debug|Any CPU.Build.0 = Debug|Any CPU
		{5895FBBA-5229-4CDE-A17B-4CE9A4F70A64}.Release|Any CPU.ActiveCfg = Release|Any CPU
		{5895FBBA-5229-4CDE-A17B-4CE9A4F70A64}.Release|Any CPU.Build.0 = Release|Any CPU
		{2A5692B8-9F85-41A4-87BE-715F9607A94B}.Debug|Any CPU.ActiveCfg = Debug|Any CPU
		{2A5692B8-9F85-41A4-87BE-715F9607A94B}.Debug|Any CPU.Build.0 = Debug|Any CPU
		{2A5692B8-9F85-41A4-87BE-715F9607A94B}.Release|Any CPU.ActiveCfg = Release|Any CPU
		{2A5692B8-9F85-41A4-87BE-715F9607A94B}.Release|Any CPU.Build.0 = Release|Any CPU
		{92E69FD4-B29F-45AB-A525-A2A1248926A9}.Debug|Any CPU.ActiveCfg = Debug|Any CPU
		{92E69FD4-B29F-45AB-A525-A2A1248926A9}.Debug|Any CPU.Build.0 = Debug|Any CPU
		{92E69FD4-B29F-45AB-A525-A2A1248926A9}.Release|Any CPU.ActiveCfg = Release|Any CPU
		{92E69FD4-B29F-45AB-A525-A2A1248926A9}.Release|Any CPU.Build.0 = Release|Any CPU
		{60117DDA-35FA-49A5-8BCC-7A404B67D37D}.Debug|Any CPU.ActiveCfg = Debug|Any CPU
		{60117DDA-35FA-49A5-8BCC-7A404B67D37D}.Debug|Any CPU.Build.0 = Debug|Any CPU
		{60117DDA-35FA-49A5-8BCC-7A404B67D37D}.Release|Any CPU.ActiveCfg = Release|Any CPU
		{60117DDA-35FA-49A5-8BCC-7A404B67D37D}.Release|Any CPU.Build.0 = Release|Any CPU
		{A00F88AB-51EB-4FF4-A926-A4A56B5653F8}.Debug|Any CPU.ActiveCfg = Debug|Any CPU
		{A00F88AB-51EB-4FF4-A926-A4A56B5653F8}.Debug|Any CPU.Build.0 = Debug|Any CPU
		{A00F88AB-51EB-4FF4-A926-A4A56B5653F8}.Release|Any CPU.ActiveCfg = Release|Any CPU
		{A00F88AB-51EB-4FF4-A926-A4A56B5653F8}.Release|Any CPU.Build.0 = Release|Any CPU
		{9484D871-092F-40F9-A4B0-B004F4788719}.Debug|Any CPU.ActiveCfg = Debug|Any CPU
		{9484D871-092F-40F9-A4B0-B004F4788719}.Debug|Any CPU.Build.0 = Debug|Any CPU
		{9484D871-092F-40F9-A4B0-B004F4788719}.Release|Any CPU.ActiveCfg = Release|Any CPU
		{9484D871-092F-40F9-A4B0-B004F4788719}.Release|Any CPU.Build.0 = Release|Any CPU
		{77144B2E-EBDF-4AD5-8734-796FD1BD13B6}.Debug|Any CPU.ActiveCfg = Debug|Any CPU
		{77144B2E-EBDF-4AD5-8734-796FD1BD13B6}.Debug|Any CPU.Build.0 = Debug|Any CPU
		{77144B2E-EBDF-4AD5-8734-796FD1BD13B6}.Release|Any CPU.ActiveCfg = Release|Any CPU
		{77144B2E-EBDF-4AD5-8734-796FD1BD13B6}.Release|Any CPU.Build.0 = Release|Any CPU
		{DF02BCA8-B3A8-4AB4-A0ED-D144404AADC7}.Debug|Any CPU.ActiveCfg = Debug|Any CPU
		{DF02BCA8-B3A8-4AB4-A0ED-D144404AADC7}.Debug|Any CPU.Build.0 = Debug|Any CPU
		{DF02BCA8-B3A8-4AB4-A0ED-D144404AADC7}.Release|Any CPU.ActiveCfg = Release|Any CPU
		{DF02BCA8-B3A8-4AB4-A0ED-D144404AADC7}.Release|Any CPU.Build.0 = Release|Any CPU
		{991134E2-72AC-4C47-8373-D171506075A4}.Debug|Any CPU.ActiveCfg = Debug|Any CPU
		{991134E2-72AC-4C47-8373-D171506075A4}.Debug|Any CPU.Build.0 = Debug|Any CPU
		{991134E2-72AC-4C47-8373-D171506075A4}.Release|Any CPU.ActiveCfg = Release|Any CPU
		{991134E2-72AC-4C47-8373-D171506075A4}.Release|Any CPU.Build.0 = Release|Any CPU
		{13868D3C-B17F-4B0E-B824-7B958B259CAD}.Debug|Any CPU.ActiveCfg = Debug|Any CPU
		{13868D3C-B17F-4B0E-B824-7B958B259CAD}.Debug|Any CPU.Build.0 = Debug|Any CPU
		{13868D3C-B17F-4B0E-B824-7B958B259CAD}.Release|Any CPU.ActiveCfg = Release|Any CPU
		{13868D3C-B17F-4B0E-B824-7B958B259CAD}.Release|Any CPU.Build.0 = Release|Any CPU
	EndGlobalSection
	GlobalSection(SolutionProperties) = preSolution
		HideSolutionNode = FALSE
	EndGlobalSection
	GlobalSection(NestedProjects) = preSolution
		{3A472EE4-71FA-4FFF-903A-8AE145CCFAD3} = {462AFBD1-F8B2-475E-988F-13E968C4EA15}
		{6ABF879A-04C4-4701-84C7-5FCEC2986F30} = {462AFBD1-F8B2-475E-988F-13E968C4EA15}
		{5895FBBA-5229-4CDE-A17B-4CE9A4F70A64} = {D3955132-9211-478D-A295-983180F3894C}
		{2A5692B8-9F85-41A4-87BE-715F9607A94B} = {D89488AA-4409-4E15-9945-A918008FBA0A}
		{92E69FD4-B29F-45AB-A525-A2A1248926A9} = {D89488AA-4409-4E15-9945-A918008FBA0A}
		{60117DDA-35FA-49A5-8BCC-7A404B67D37D} = {462AFBD1-F8B2-475E-988F-13E968C4EA15}
		{A00F88AB-51EB-4FF4-A926-A4A56B5653F8} = {D89488AA-4409-4E15-9945-A918008FBA0A}
		{9484D871-092F-40F9-A4B0-B004F4788719} = {D89488AA-4409-4E15-9945-A918008FBA0A}
		{77144B2E-EBDF-4AD5-8734-796FD1BD13B6} = {D89488AA-4409-4E15-9945-A918008FBA0A}
		{DF02BCA8-B3A8-4AB4-A0ED-D144404AADC7} = {462AFBD1-F8B2-475E-988F-13E968C4EA15}
		{991134E2-72AC-4C47-8373-D171506075A4} = {462AFBD1-F8B2-475E-988F-13E968C4EA15}
		{13868D3C-B17F-4B0E-B824-7B958B259CAD} = {D89488AA-4409-4E15-9945-A918008FBA0A}
	EndGlobalSection
	GlobalSection(ExtensibilityGlobals) = postSolution
		SolutionGuid = {9B7121CB-4CDF-4D0B-82C7-736ABF500F14}
	EndGlobalSection
EndGlobal
